// !$*UTF8*$!
{
	archiveVersion = 1;
	classes = {
	};
	objectVersion = 46;
	objects = {

/* Begin PBXBuildFile section */
		1C3381D322992983001F3D4F /* ImagesViewModel.swift in Sources */ = {isa = PBXBuildFile; fileRef = 1C3381D222992983001F3D4F /* ImagesViewModel.swift */; };
		1C3381D722992BE5001F3D4F /* ImageInfo.swift in Sources */ = {isa = PBXBuildFile; fileRef = 1C3381D622992BE5001F3D4F /* ImageInfo.swift */; };
		1C3381DB22992C28001F3D4F /* DataObserver.swift in Sources */ = {isa = PBXBuildFile; fileRef = 1C3381DA22992C28001F3D4F /* DataObserver.swift */; };
		1C3381DD229932A8001F3D4F /* ImagesApiResponse.swift in Sources */ = {isa = PBXBuildFile; fileRef = 1C3381DC229932A8001F3D4F /* ImagesApiResponse.swift */; };
		1C3381E222993F2A001F3D4F /* ImageCollectionViewCell.swift in Sources */ = {isa = PBXBuildFile; fileRef = 1C3381E022993F2A001F3D4F /* ImageCollectionViewCell.swift */; };
		1C3381E322993F2A001F3D4F /* ImageCollectionViewCell.xib in Resources */ = {isa = PBXBuildFile; fileRef = 1C3381E122993F2A001F3D4F /* ImageCollectionViewCell.xib */; };
		1C3381E722993FD5001F3D4F /* CustomImageView.swift in Sources */ = {isa = PBXBuildFile; fileRef = 1C3381E622993FD5001F3D4F /* CustomImageView.swift */; };
		1C3381EA22994AA8001F3D4F /* NSObjectAdditions.swift in Sources */ = {isa = PBXBuildFile; fileRef = 1C3381E922994AA8001F3D4F /* NSObjectAdditions.swift */; };
		1C3381ED22994EA2001F3D4F /* MySuperCacheProtocol.swift in Sources */ = {isa = PBXBuildFile; fileRef = 1C3381EC22994EA2001F3D4F /* MySuperCacheProtocol.swift */; };
		1C3381F62299BFB6001F3D4F /* ParametersEncoding.swift in Sources */ = {isa = PBXBuildFile; fileRef = 1C3381F52299BFB6001F3D4F /* ParametersEncoding.swift */; };
		1C3381FA2299BFDA001F3D4F /* UrlParametersEncoding.swift in Sources */ = {isa = PBXBuildFile; fileRef = 1C3381F92299BFDA001F3D4F /* UrlParametersEncoding.swift */; };
		1C3381FC2299BFF5001F3D4F /* JsonParametersEncoding.swift in Sources */ = {isa = PBXBuildFile; fileRef = 1C3381FB2299BFF5001F3D4F /* JsonParametersEncoding.swift */; };
		1C3381FE2299C039001F3D4F /* EndPoints.swift in Sources */ = {isa = PBXBuildFile; fileRef = 1C3381FD2299C039001F3D4F /* EndPoints.swift */; };
		1C3382002299C064001F3D4F /* RequestFeature.swift in Sources */ = {isa = PBXBuildFile; fileRef = 1C3381FF2299C064001F3D4F /* RequestFeature.swift */; };
		1C3382022299C0B6001F3D4F /* NetworkManager.swift in Sources */ = {isa = PBXBuildFile; fileRef = 1C3382012299C0B6001F3D4F /* NetworkManager.swift */; };
		1C3382042299C0CE001F3D4F /* NetworkInteractor.swift in Sources */ = {isa = PBXBuildFile; fileRef = 1C3382032299C0CE001F3D4F /* NetworkInteractor.swift */; };
		1C3382072299C2B4001F3D4F /* ImageFetchRequest.swift in Sources */ = {isa = PBXBuildFile; fileRef = 1C3382062299C2B4001F3D4F /* ImageFetchRequest.swift */; };
		1C338209229A48B4001F3D4F /* FileManagerAdditions.swift in Sources */ = {isa = PBXBuildFile; fileRef = 1C338208229A48B4001F3D4F /* FileManagerAdditions.swift */; };
		1C33820B229A4ACB001F3D4F /* StringAdditions.swift in Sources */ = {isa = PBXBuildFile; fileRef = 1C33820A229A4ACB001F3D4F /* StringAdditions.swift */; };
		1C33820F229A5C31001F3D4F /* LRUCache.swift in Sources */ = {isa = PBXBuildFile; fileRef = 1C33820E229A5C31001F3D4F /* LRUCache.swift */; };
		5679670E1ECBC53700F1B57D /* AppDelegate.swift in Sources */ = {isa = PBXBuildFile; fileRef = 5679670D1ECBC53700F1B57D /* AppDelegate.swift */; };
		567967101ECBC53700F1B57D /* ImagesViewController.swift in Sources */ = {isa = PBXBuildFile; fileRef = 5679670F1ECBC53700F1B57D /* ImagesViewController.swift */; };
		567967131ECBC53700F1B57D /* Main.storyboard in Resources */ = {isa = PBXBuildFile; fileRef = 567967111ECBC53700F1B57D /* Main.storyboard */; };
		567967151ECBC53700F1B57D /* Assets.xcassets in Resources */ = {isa = PBXBuildFile; fileRef = 567967141ECBC53700F1B57D /* Assets.xcassets */; };
		567967181ECBC53700F1B57D /* LaunchScreen.storyboard in Resources */ = {isa = PBXBuildFile; fileRef = 567967161ECBC53700F1B57D /* LaunchScreen.storyboard */; };
		567967231ECBC53700F1B57D /* MyFirstSlideshowTests.swift in Sources */ = {isa = PBXBuildFile; fileRef = 567967221ECBC53700F1B57D /* MyFirstSlideshowTests.swift */; };
/* End PBXBuildFile section */

/* Begin PBXContainerItemProxy section */
		5679671F1ECBC53700F1B57D /* PBXContainerItemProxy */ = {
			isa = PBXContainerItemProxy;
			containerPortal = 567967021ECBC53700F1B57D /* Project object */;
			proxyType = 1;
			remoteGlobalIDString = 567967091ECBC53700F1B57D;
			remoteInfo = MyFirstSlideshow;
		};
/* End PBXContainerItemProxy section */

/* Begin PBXFileReference section */
		1C3381D222992983001F3D4F /* ImagesViewModel.swift */ = {isa = PBXFileReference; lastKnownFileType = sourcecode.swift; path = ImagesViewModel.swift; sourceTree = "<group>"; };
		1C3381D622992BE5001F3D4F /* ImageInfo.swift */ = {isa = PBXFileReference; lastKnownFileType = sourcecode.swift; path = ImageInfo.swift; sourceTree = "<group>"; };
		1C3381DA22992C28001F3D4F /* DataObserver.swift */ = {isa = PBXFileReference; lastKnownFileType = sourcecode.swift; path = DataObserver.swift; sourceTree = "<group>"; };
		1C3381DC229932A8001F3D4F /* ImagesApiResponse.swift */ = {isa = PBXFileReference; lastKnownFileType = sourcecode.swift; path = ImagesApiResponse.swift; sourceTree = "<group>"; };
		1C3381E022993F2A001F3D4F /* ImageCollectionViewCell.swift */ = {isa = PBXFileReference; lastKnownFileType = sourcecode.swift; path = ImageCollectionViewCell.swift; sourceTree = "<group>"; };
		1C3381E122993F2A001F3D4F /* ImageCollectionViewCell.xib */ = {isa = PBXFileReference; lastKnownFileType = file.xib; path = ImageCollectionViewCell.xib; sourceTree = "<group>"; };
		1C3381E622993FD5001F3D4F /* CustomImageView.swift */ = {isa = PBXFileReference; lastKnownFileType = sourcecode.swift; path = CustomImageView.swift; sourceTree = "<group>"; };
		1C3381E922994AA8001F3D4F /* NSObjectAdditions.swift */ = {isa = PBXFileReference; lastKnownFileType = sourcecode.swift; path = NSObjectAdditions.swift; sourceTree = "<group>"; };
		1C3381EC22994EA2001F3D4F /* MySuperCacheProtocol.swift */ = {isa = PBXFileReference; lastKnownFileType = sourcecode.swift; path = MySuperCacheProtocol.swift; sourceTree = "<group>"; };
		1C3381F52299BFB6001F3D4F /* ParametersEncoding.swift */ = {isa = PBXFileReference; lastKnownFileType = sourcecode.swift; path = ParametersEncoding.swift; sourceTree = "<group>"; };
		1C3381F92299BFDA001F3D4F /* UrlParametersEncoding.swift */ = {isa = PBXFileReference; lastKnownFileType = sourcecode.swift; path = UrlParametersEncoding.swift; sourceTree = "<group>"; };
		1C3381FB2299BFF5001F3D4F /* JsonParametersEncoding.swift */ = {isa = PBXFileReference; lastKnownFileType = sourcecode.swift; path = JsonParametersEncoding.swift; sourceTree = "<group>"; };
		1C3381FD2299C039001F3D4F /* EndPoints.swift */ = {isa = PBXFileReference; lastKnownFileType = sourcecode.swift; path = EndPoints.swift; sourceTree = "<group>"; };
		1C3381FF2299C064001F3D4F /* RequestFeature.swift */ = {isa = PBXFileReference; lastKnownFileType = sourcecode.swift; path = RequestFeature.swift; sourceTree = "<group>"; };
		1C3382012299C0B6001F3D4F /* NetworkManager.swift */ = {isa = PBXFileReference; lastKnownFileType = sourcecode.swift; path = NetworkManager.swift; sourceTree = "<group>"; };
		1C3382032299C0CE001F3D4F /* NetworkInteractor.swift */ = {isa = PBXFileReference; lastKnownFileType = sourcecode.swift; path = NetworkInteractor.swift; sourceTree = "<group>"; };
		1C3382062299C2B4001F3D4F /* ImageFetchRequest.swift */ = {isa = PBXFileReference; lastKnownFileType = sourcecode.swift; path = ImageFetchRequest.swift; sourceTree = "<group>"; };
		1C338208229A48B4001F3D4F /* FileManagerAdditions.swift */ = {isa = PBXFileReference; lastKnownFileType = sourcecode.swift; path = FileManagerAdditions.swift; sourceTree = "<group>"; };
		1C33820A229A4ACB001F3D4F /* StringAdditions.swift */ = {isa = PBXFileReference; lastKnownFileType = sourcecode.swift; path = StringAdditions.swift; sourceTree = "<group>"; };
		1C33820E229A5C31001F3D4F /* LRUCache.swift */ = {isa = PBXFileReference; lastKnownFileType = sourcecode.swift; path = LRUCache.swift; sourceTree = "<group>"; };
		5679670A1ECBC53700F1B57D /* MyFirstSlideshow.app */ = {isa = PBXFileReference; explicitFileType = wrapper.application; includeInIndex = 0; path = MyFirstSlideshow.app; sourceTree = BUILT_PRODUCTS_DIR; };
		5679670D1ECBC53700F1B57D /* AppDelegate.swift */ = {isa = PBXFileReference; lastKnownFileType = sourcecode.swift; path = AppDelegate.swift; sourceTree = "<group>"; };
		5679670F1ECBC53700F1B57D /* ImagesViewController.swift */ = {isa = PBXFileReference; lastKnownFileType = sourcecode.swift; path = ImagesViewController.swift; sourceTree = "<group>"; };
		567967121ECBC53700F1B57D /* Base */ = {isa = PBXFileReference; lastKnownFileType = file.storyboard; name = Base; path = Base.lproj/Main.storyboard; sourceTree = "<group>"; };
		567967141ECBC53700F1B57D /* Assets.xcassets */ = {isa = PBXFileReference; lastKnownFileType = folder.assetcatalog; path = Assets.xcassets; sourceTree = "<group>"; };
		567967171ECBC53700F1B57D /* Base */ = {isa = PBXFileReference; lastKnownFileType = file.storyboard; name = Base; path = Base.lproj/LaunchScreen.storyboard; sourceTree = "<group>"; };
		567967191ECBC53700F1B57D /* Info.plist */ = {isa = PBXFileReference; lastKnownFileType = text.plist.xml; path = Info.plist; sourceTree = "<group>"; };
		5679671E1ECBC53700F1B57D /* MyFirstSlideshowTests.xctest */ = {isa = PBXFileReference; explicitFileType = wrapper.cfbundle; includeInIndex = 0; path = MyFirstSlideshowTests.xctest; sourceTree = BUILT_PRODUCTS_DIR; };
		567967221ECBC53700F1B57D /* MyFirstSlideshowTests.swift */ = {isa = PBXFileReference; lastKnownFileType = sourcecode.swift; path = MyFirstSlideshowTests.swift; sourceTree = "<group>"; };
		567967241ECBC53700F1B57D /* Info.plist */ = {isa = PBXFileReference; lastKnownFileType = text.plist.xml; path = Info.plist; sourceTree = "<group>"; };
/* End PBXFileReference section */

/* Begin PBXFrameworksBuildPhase section */
		567967071ECBC53700F1B57D /* Frameworks */ = {
			isa = PBXFrameworksBuildPhase;
			buildActionMask = 2147483647;
			files = (
			);
			runOnlyForDeploymentPostprocessing = 0;
		};
		5679671B1ECBC53700F1B57D /* Frameworks */ = {
			isa = PBXFrameworksBuildPhase;
			buildActionMask = 2147483647;
			files = (
			);
			runOnlyForDeploymentPostprocessing = 0;
		};
/* End PBXFrameworksBuildPhase section */

/* Begin PBXGroup section */
		1C3381CB229927FF001F3D4F /* ViewModel */ = {
			isa = PBXGroup;
			children = (
				1C3381D122992957001F3D4F /* ImagesPresentator */,
			);
			path = ViewModel;
			sourceTree = "<group>";
		};
		1C3381CC229928C8001F3D4F /* Views */ = {
			isa = PBXGroup;
			children = (
				1C3381E422993FAD001F3D4F /* CustomViews */,
				1C3381DE22993F06001F3D4F /* Cells */,
				1C3381D02299294B001F3D4F /* Images */,
			);
			path = Views;
			sourceTree = "<group>";
		};
		1C3381CD229928D4001F3D4F /* Models */ = {
			isa = PBXGroup;
			children = (
				1C3381D522992BD5001F3D4F /* Image */,
			);
			path = Models;
			sourceTree = "<group>";
		};
		1C3381CE229928E0001F3D4F /* Supporting Files */ = {
			isa = PBXGroup;
			children = (
				567967141ECBC53700F1B57D /* Assets.xcassets */,
				567967191ECBC53700F1B57D /* Info.plist */,
				5679670D1ECBC53700F1B57D /* AppDelegate.swift */,
				567967161ECBC53700F1B57D /* LaunchScreen.storyboard */,
			);
			name = "Supporting Files";
			sourceTree = "<group>";
		};
		1C3381CF2299291E001F3D4F /* Storyboards */ = {
			isa = PBXGroup;
			children = (
				567967111ECBC53700F1B57D /* Main.storyboard */,
			);
			path = Storyboards;
			sourceTree = "<group>";
		};
		1C3381D02299294B001F3D4F /* Images */ = {
			isa = PBXGroup;
			children = (
				5679670F1ECBC53700F1B57D /* ImagesViewController.swift */,
			);
			path = Images;
			sourceTree = "<group>";
		};
		1C3381D122992957001F3D4F /* ImagesPresentator */ = {
			isa = PBXGroup;
			children = (
				1C3381D222992983001F3D4F /* ImagesViewModel.swift */,
			);
			path = ImagesPresentator;
			sourceTree = "<group>";
		};
		1C3381D522992BD5001F3D4F /* Image */ = {
			isa = PBXGroup;
			children = (
				1C3381D622992BE5001F3D4F /* ImageInfo.swift */,
				1C3381DC229932A8001F3D4F /* ImagesApiResponse.swift */,
			);
			path = Image;
			sourceTree = "<group>";
		};
		1C3381D822992BF6001F3D4F /* Helpers */ = {
			isa = PBXGroup;
			children = (
				1C33820C229A5BC4001F3D4F /* ImageCache */,
				1C3381EB22994E8A001F3D4F /* Protocols */,
				1C3381E822994A83001F3D4F /* Extentions */,
				1C3381D922992BFE001F3D4F /* Binding */,
			);
			path = Helpers;
			sourceTree = "<group>";
		};
		1C3381D922992BFE001F3D4F /* Binding */ = {
			isa = PBXGroup;
			children = (
				1C3381DA22992C28001F3D4F /* DataObserver.swift */,
			);
			path = Binding;
			sourceTree = "<group>";
		};
		1C3381DE22993F06001F3D4F /* Cells */ = {
			isa = PBXGroup;
			children = (
				1C3381DF22993F0B001F3D4F /* ImageCell */,
			);
			path = Cells;
			sourceTree = "<group>";
		};
		1C3381DF22993F0B001F3D4F /* ImageCell */ = {
			isa = PBXGroup;
			children = (
				1C3381E022993F2A001F3D4F /* ImageCollectionViewCell.swift */,
				1C3381E122993F2A001F3D4F /* ImageCollectionViewCell.xib */,
			);
			path = ImageCell;
			sourceTree = "<group>";
		};
		1C3381E422993FAD001F3D4F /* CustomViews */ = {
			isa = PBXGroup;
			children = (
				1C3381E522993FB6001F3D4F /* ImageViews */,
			);
			path = CustomViews;
			sourceTree = "<group>";
		};
		1C3381E522993FB6001F3D4F /* ImageViews */ = {
			isa = PBXGroup;
			children = (
				1C3381E622993FD5001F3D4F /* CustomImageView.swift */,
			);
			path = ImageViews;
			sourceTree = "<group>";
		};
		1C3381E822994A83001F3D4F /* Extentions */ = {
			isa = PBXGroup;
			children = (
				1C3381E922994AA8001F3D4F /* NSObjectAdditions.swift */,
				1C338208229A48B4001F3D4F /* FileManagerAdditions.swift */,
				1C33820A229A4ACB001F3D4F /* StringAdditions.swift */,
			);
			path = Extentions;
			sourceTree = "<group>";
		};
		1C3381EB22994E8A001F3D4F /* Protocols */ = {
			isa = PBXGroup;
			children = (
				1C3381EC22994EA2001F3D4F /* MySuperCacheProtocol.swift */,
			);
			path = Protocols;
			sourceTree = "<group>";
		};
		1C3381F02299BF5B001F3D4F /* AppNetworking */ = {
			isa = PBXGroup;
			children = (
				1C3381F12299BF74001F3D4F /* Requests */,
				1C3381F22299BF7C001F3D4F /* Network Manager */,
				1C3381F32299BF84001F3D4F /* Service */,
				1C3381F42299BF8C001F3D4F /* Encodoing */,
			);
			path = AppNetworking;
			sourceTree = "<group>";
		};
		1C3381F12299BF74001F3D4F /* Requests */ = {
			isa = PBXGroup;
			children = (
				1C3382052299C29B001F3D4F /* ImageFetch */,
			);
			path = Requests;
			sourceTree = "<group>";
		};
		1C3381F22299BF7C001F3D4F /* Network Manager */ = {
			isa = PBXGroup;
			children = (
				1C3382012299C0B6001F3D4F /* NetworkManager.swift */,
				1C3382032299C0CE001F3D4F /* NetworkInteractor.swift */,
			);
			path = "Network Manager";
			sourceTree = "<group>";
		};
		1C3381F32299BF84001F3D4F /* Service */ = {
			isa = PBXGroup;
			children = (
				1C3381FD2299C039001F3D4F /* EndPoints.swift */,
				1C3381FF2299C064001F3D4F /* RequestFeature.swift */,
			);
			path = Service;
			sourceTree = "<group>";
		};
		1C3381F42299BF8C001F3D4F /* Encodoing */ = {
			isa = PBXGroup;
			children = (
				1C3381F52299BFB6001F3D4F /* ParametersEncoding.swift */,
				1C3381F92299BFDA001F3D4F /* UrlParametersEncoding.swift */,
				1C3381FB2299BFF5001F3D4F /* JsonParametersEncoding.swift */,
			);
			path = Encodoing;
			sourceTree = "<group>";
		};
		1C3382052299C29B001F3D4F /* ImageFetch */ = {
			isa = PBXGroup;
			children = (
				1C3382062299C2B4001F3D4F /* ImageFetchRequest.swift */,
			);
			path = ImageFetch;
			sourceTree = "<group>";
		};
		1C33820C229A5BC4001F3D4F /* ImageCache */ = {
			isa = PBXGroup;
			children = (
				1C33820D229A5BD0001F3D4F /* LRUCache */,
			);
			path = ImageCache;
			sourceTree = "<group>";
		};
		1C33820D229A5BD0001F3D4F /* LRUCache */ = {
			isa = PBXGroup;
			children = (
				1C33820E229A5C31001F3D4F /* LRUCache.swift */,
			);
			path = LRUCache;
			sourceTree = "<group>";
		};
		567967011ECBC53700F1B57D = {
			isa = PBXGroup;
			children = (
				5679670C1ECBC53700F1B57D /* MyFirstSlideshow */,
				567967211ECBC53700F1B57D /* MyFirstSlideshowTests */,
				5679670B1ECBC53700F1B57D /* Products */,
			);
			sourceTree = "<group>";
		};
		5679670B1ECBC53700F1B57D /* Products */ = {
			isa = PBXGroup;
			children = (
				5679670A1ECBC53700F1B57D /* MyFirstSlideshow.app */,
				5679671E1ECBC53700F1B57D /* MyFirstSlideshowTests.xctest */,
			);
			name = Products;
			sourceTree = "<group>";
		};
		5679670C1ECBC53700F1B57D /* MyFirstSlideshow */ = {
			isa = PBXGroup;
			children = (
				1C3381F02299BF5B001F3D4F /* AppNetworking */,
				1C3381D822992BF6001F3D4F /* Helpers */,
				1C3381CB229927FF001F3D4F /* ViewModel */,
				1C3381CC229928C8001F3D4F /* Views */,
				1C3381CD229928D4001F3D4F /* Models */,
				1C3381CF2299291E001F3D4F /* Storyboards */,
				1C3381CE229928E0001F3D4F /* Supporting Files */,
			);
			path = MyFirstSlideshow;
			sourceTree = "<group>";
		};
		567967211ECBC53700F1B57D /* MyFirstSlideshowTests */ = {
			isa = PBXGroup;
			children = (
				567967221ECBC53700F1B57D /* MyFirstSlideshowTests.swift */,
				567967241ECBC53700F1B57D /* Info.plist */,
			);
			path = MyFirstSlideshowTests;
			sourceTree = "<group>";
		};
/* End PBXGroup section */

/* Begin PBXNativeTarget section */
		567967091ECBC53700F1B57D /* MyFirstSlideshow */ = {
			isa = PBXNativeTarget;
			buildConfigurationList = 567967271ECBC53700F1B57D /* Build configuration list for PBXNativeTarget "MyFirstSlideshow" */;
			buildPhases = (
				567967061ECBC53700F1B57D /* Sources */,
				567967071ECBC53700F1B57D /* Frameworks */,
				567967081ECBC53700F1B57D /* Resources */,
			);
			buildRules = (
			);
			dependencies = (
			);
			name = MyFirstSlideshow;
			productName = MyFirstSlideshow;
			productReference = 5679670A1ECBC53700F1B57D /* MyFirstSlideshow.app */;
			productType = "com.apple.product-type.application";
		};
		5679671D1ECBC53700F1B57D /* MyFirstSlideshowTests */ = {
			isa = PBXNativeTarget;
			buildConfigurationList = 5679672A1ECBC53700F1B57D /* Build configuration list for PBXNativeTarget "MyFirstSlideshowTests" */;
			buildPhases = (
				5679671A1ECBC53700F1B57D /* Sources */,
				5679671B1ECBC53700F1B57D /* Frameworks */,
				5679671C1ECBC53700F1B57D /* Resources */,
			);
			buildRules = (
			);
			dependencies = (
				567967201ECBC53700F1B57D /* PBXTargetDependency */,
			);
			name = MyFirstSlideshowTests;
			productName = MyFirstSlideshowTests;
			productReference = 5679671E1ECBC53700F1B57D /* MyFirstSlideshowTests.xctest */;
			productType = "com.apple.product-type.bundle.unit-test";
		};
/* End PBXNativeTarget section */

/* Begin PBXProject section */
		567967021ECBC53700F1B57D /* Project object */ = {
			isa = PBXProject;
			attributes = {
				LastSwiftUpdateCheck = 0830;
				LastUpgradeCheck = 1020;
				ORGANIZATIONNAME = Yoti;
				TargetAttributes = {
					567967091ECBC53700F1B57D = {
						CreatedOnToolsVersion = 8.3.2;
						LastSwiftMigration = 1020;
						ProvisioningStyle = Manual;
					};
					5679671D1ECBC53700F1B57D = {
						CreatedOnToolsVersion = 8.3.2;
						DevelopmentTeam = TYBW749P94;
						LastSwiftMigration = 1020;
						ProvisioningStyle = Automatic;
						TestTargetID = 567967091ECBC53700F1B57D;
					};
				};
			};
			buildConfigurationList = 567967051ECBC53700F1B57D /* Build configuration list for PBXProject "MyFirstSlideshow" */;
			compatibilityVersion = "Xcode 3.2";
			developmentRegion = en;
			hasScannedForEncodings = 0;
			knownRegions = (
				en,
				Base,
			);
			mainGroup = 567967011ECBC53700F1B57D;
			productRefGroup = 5679670B1ECBC53700F1B57D /* Products */;
			projectDirPath = "";
			projectRoot = "";
			targets = (
				567967091ECBC53700F1B57D /* MyFirstSlideshow */,
				5679671D1ECBC53700F1B57D /* MyFirstSlideshowTests */,
			);
		};
/* End PBXProject section */

/* Begin PBXResourcesBuildPhase section */
		567967081ECBC53700F1B57D /* Resources */ = {
			isa = PBXResourcesBuildPhase;
			buildActionMask = 2147483647;
			files = (
				567967181ECBC53700F1B57D /* LaunchScreen.storyboard in Resources */,
				567967151ECBC53700F1B57D /* Assets.xcassets in Resources */,
				1C3381E322993F2A001F3D4F /* ImageCollectionViewCell.xib in Resources */,
				567967131ECBC53700F1B57D /* Main.storyboard in Resources */,
			);
			runOnlyForDeploymentPostprocessing = 0;
		};
		5679671C1ECBC53700F1B57D /* Resources */ = {
			isa = PBXResourcesBuildPhase;
			buildActionMask = 2147483647;
			files = (
			);
			runOnlyForDeploymentPostprocessing = 0;
		};
/* End PBXResourcesBuildPhase section */

/* Begin PBXSourcesBuildPhase section */
		567967061ECBC53700F1B57D /* Sources */ = {
			isa = PBXSourcesBuildPhase;
			buildActionMask = 2147483647;
			files = (
				1C3381ED22994EA2001F3D4F /* MySuperCacheProtocol.swift in Sources */,
				1C3381D722992BE5001F3D4F /* ImageInfo.swift in Sources */,
				567967101ECBC53700F1B57D /* ImagesViewController.swift in Sources */,
				5679670E1ECBC53700F1B57D /* AppDelegate.swift in Sources */,
				1C3382022299C0B6001F3D4F /* NetworkManager.swift in Sources */,
				1C3382002299C064001F3D4F /* RequestFeature.swift in Sources */,
				1C33820B229A4ACB001F3D4F /* StringAdditions.swift in Sources */,
				1C3382042299C0CE001F3D4F /* NetworkInteractor.swift in Sources */,
				1C3381FC2299BFF5001F3D4F /* JsonParametersEncoding.swift in Sources */,
				1C3381FA2299BFDA001F3D4F /* UrlParametersEncoding.swift in Sources */,
				1C3381EA22994AA8001F3D4F /* NSObjectAdditions.swift in Sources */,
				1C3381E222993F2A001F3D4F /* ImageCollectionViewCell.swift in Sources */,
				1C338209229A48B4001F3D4F /* FileManagerAdditions.swift in Sources */,
				1C3381E722993FD5001F3D4F /* CustomImageView.swift in Sources */,
				1C3381FE2299C039001F3D4F /* EndPoints.swift in Sources */,
				1C3381F62299BFB6001F3D4F /* ParametersEncoding.swift in Sources */,
				1C3381D322992983001F3D4F /* ImagesViewModel.swift in Sources */,
				1C3381DB22992C28001F3D4F /* DataObserver.swift in Sources */,
				1C33820F229A5C31001F3D4F /* LRUCache.swift in Sources */,
				1C3382072299C2B4001F3D4F /* ImageFetchRequest.swift in Sources */,
				1C3381DD229932A8001F3D4F /* ImagesApiResponse.swift in Sources */,
			);
			runOnlyForDeploymentPostprocessing = 0;
		};
		5679671A1ECBC53700F1B57D /* Sources */ = {
			isa = PBXSourcesBuildPhase;
			buildActionMask = 2147483647;
			files = (
				567967231ECBC53700F1B57D /* MyFirstSlideshowTests.swift in Sources */,
			);
			runOnlyForDeploymentPostprocessing = 0;
		};
/* End PBXSourcesBuildPhase section */

/* Begin PBXTargetDependency section */
		567967201ECBC53700F1B57D /* PBXTargetDependency */ = {
			isa = PBXTargetDependency;
			target = 567967091ECBC53700F1B57D /* MyFirstSlideshow */;
			targetProxy = 5679671F1ECBC53700F1B57D /* PBXContainerItemProxy */;
		};
/* End PBXTargetDependency section */

/* Begin PBXVariantGroup section */
		567967111ECBC53700F1B57D /* Main.storyboard */ = {
			isa = PBXVariantGroup;
			children = (
				567967121ECBC53700F1B57D /* Base */,
			);
			name = Main.storyboard;
			sourceTree = "<group>";
		};
		567967161ECBC53700F1B57D /* LaunchScreen.storyboard */ = {
			isa = PBXVariantGroup;
			children = (
				567967171ECBC53700F1B57D /* Base */,
			);
			name = LaunchScreen.storyboard;
			sourceTree = "<group>";
		};
/* End PBXVariantGroup section */

/* Begin XCBuildConfiguration section */
		567967251ECBC53700F1B57D /* Debug */ = {
			isa = XCBuildConfiguration;
			buildSettings = {
				ALWAYS_SEARCH_USER_PATHS = NO;
				CLANG_ANALYZER_LOCALIZABILITY_NONLOCALIZED = YES;
				CLANG_ANALYZER_NONNULL = YES;
				CLANG_ANALYZER_NUMBER_OBJECT_CONVERSION = YES_AGGRESSIVE;
				CLANG_CXX_LANGUAGE_STANDARD = "gnu++0x";
				CLANG_CXX_LIBRARY = "libc++";
				CLANG_ENABLE_MODULES = YES;
				CLANG_ENABLE_OBJC_ARC = YES;
				CLANG_WARN_BLOCK_CAPTURE_AUTORELEASING = YES;
				CLANG_WARN_BOOL_CONVERSION = YES;
				CLANG_WARN_COMMA = YES;
				CLANG_WARN_CONSTANT_CONVERSION = YES;
				CLANG_WARN_DEPRECATED_OBJC_IMPLEMENTATIONS = YES;
				CLANG_WARN_DIRECT_OBJC_ISA_USAGE = YES_ERROR;
				CLANG_WARN_DOCUMENTATION_COMMENTS = YES;
				CLANG_WARN_EMPTY_BODY = YES;
				CLANG_WARN_ENUM_CONVERSION = YES;
				CLANG_WARN_INFINITE_RECURSION = YES;
				CLANG_WARN_INT_CONVERSION = YES;
				CLANG_WARN_NON_LITERAL_NULL_CONVERSION = YES;
				CLANG_WARN_OBJC_IMPLICIT_RETAIN_SELF = YES;
				CLANG_WARN_OBJC_LITERAL_CONVERSION = YES;
				CLANG_WARN_OBJC_ROOT_CLASS = YES_ERROR;
				CLANG_WARN_RANGE_LOOP_ANALYSIS = YES;
				CLANG_WARN_STRICT_PROTOTYPES = YES;
				CLANG_WARN_SUSPICIOUS_MOVE = YES;
				CLANG_WARN_UNREACHABLE_CODE = YES;
				CLANG_WARN__DUPLICATE_METHOD_MATCH = YES;
				"CODE_SIGN_IDENTITY[sdk=iphoneos*]" = "iPhone Developer";
				COPY_PHASE_STRIP = NO;
				DEBUG_INFORMATION_FORMAT = dwarf;
				ENABLE_STRICT_OBJC_MSGSEND = YES;
				ENABLE_TESTABILITY = YES;
				GCC_C_LANGUAGE_STANDARD = gnu99;
				GCC_DYNAMIC_NO_PIC = NO;
				GCC_NO_COMMON_BLOCKS = YES;
				GCC_OPTIMIZATION_LEVEL = 0;
				GCC_PREPROCESSOR_DEFINITIONS = (
					"DEBUG=1",
					"$(inherited)",
				);
				GCC_WARN_64_TO_32_BIT_CONVERSION = YES;
				GCC_WARN_ABOUT_RETURN_TYPE = YES_ERROR;
				GCC_WARN_UNDECLARED_SELECTOR = YES;
				GCC_WARN_UNINITIALIZED_AUTOS = YES_AGGRESSIVE;
				GCC_WARN_UNUSED_FUNCTION = YES;
				GCC_WARN_UNUSED_VARIABLE = YES;
				IPHONEOS_DEPLOYMENT_TARGET = 10.3;
				MTL_ENABLE_DEBUG_INFO = YES;
				ONLY_ACTIVE_ARCH = YES;
				SDKROOT = iphoneos;
				SWIFT_ACTIVE_COMPILATION_CONDITIONS = DEBUG;
				SWIFT_OPTIMIZATION_LEVEL = "-Onone";
				TARGETED_DEVICE_FAMILY = "1,2";
			};
			name = Debug;
		};
		567967261ECBC53700F1B57D /* Release */ = {
			isa = XCBuildConfiguration;
			buildSettings = {
				ALWAYS_SEARCH_USER_PATHS = NO;
				CLANG_ANALYZER_LOCALIZABILITY_NONLOCALIZED = YES;
				CLANG_ANALYZER_NONNULL = YES;
				CLANG_ANALYZER_NUMBER_OBJECT_CONVERSION = YES_AGGRESSIVE;
				CLANG_CXX_LANGUAGE_STANDARD = "gnu++0x";
				CLANG_CXX_LIBRARY = "libc++";
				CLANG_ENABLE_MODULES = YES;
				CLANG_ENABLE_OBJC_ARC = YES;
				CLANG_WARN_BLOCK_CAPTURE_AUTORELEASING = YES;
				CLANG_WARN_BOOL_CONVERSION = YES;
				CLANG_WARN_COMMA = YES;
				CLANG_WARN_CONSTANT_CONVERSION = YES;
				CLANG_WARN_DEPRECATED_OBJC_IMPLEMENTATIONS = YES;
				CLANG_WARN_DIRECT_OBJC_ISA_USAGE = YES_ERROR;
				CLANG_WARN_DOCUMENTATION_COMMENTS = YES;
				CLANG_WARN_EMPTY_BODY = YES;
				CLANG_WARN_ENUM_CONVERSION = YES;
				CLANG_WARN_INFINITE_RECURSION = YES;
				CLANG_WARN_INT_CONVERSION = YES;
				CLANG_WARN_NON_LITERAL_NULL_CONVERSION = YES;
				CLANG_WARN_OBJC_IMPLICIT_RETAIN_SELF = YES;
				CLANG_WARN_OBJC_LITERAL_CONVERSION = YES;
				CLANG_WARN_OBJC_ROOT_CLASS = YES_ERROR;
				CLANG_WARN_RANGE_LOOP_ANALYSIS = YES;
				CLANG_WARN_STRICT_PROTOTYPES = YES;
				CLANG_WARN_SUSPICIOUS_MOVE = YES;
				CLANG_WARN_UNREACHABLE_CODE = YES;
				CLANG_WARN__DUPLICATE_METHOD_MATCH = YES;
				"CODE_SIGN_IDENTITY[sdk=iphoneos*]" = "iPhone Developer";
				COPY_PHASE_STRIP = NO;
				DEBUG_INFORMATION_FORMAT = "dwarf-with-dsym";
				ENABLE_NS_ASSERTIONS = NO;
				ENABLE_STRICT_OBJC_MSGSEND = YES;
				GCC_C_LANGUAGE_STANDARD = gnu99;
				GCC_NO_COMMON_BLOCKS = YES;
				GCC_WARN_64_TO_32_BIT_CONVERSION = YES;
				GCC_WARN_ABOUT_RETURN_TYPE = YES_ERROR;
				GCC_WARN_UNDECLARED_SELECTOR = YES;
				GCC_WARN_UNINITIALIZED_AUTOS = YES_AGGRESSIVE;
				GCC_WARN_UNUSED_FUNCTION = YES;
				GCC_WARN_UNUSED_VARIABLE = YES;
				IPHONEOS_DEPLOYMENT_TARGET = 10.3;
				MTL_ENABLE_DEBUG_INFO = NO;
				SDKROOT = iphoneos;
				SWIFT_OPTIMIZATION_LEVEL = "-Owholemodule";
				TARGETED_DEVICE_FAMILY = "1,2";
				VALIDATE_PRODUCT = YES;
			};
			name = Release;
		};
		567967281ECBC53700F1B57D /* Debug */ = {
			isa = XCBuildConfiguration;
			buildSettings = {
				ASSETCATALOG_COMPILER_APPICON_NAME = AppIcon;
				CODE_SIGN_STYLE = Manual;
				DEVELOPMENT_TEAM = "";
				INFOPLIST_FILE = MyFirstSlideshow/Info.plist;
				LD_RUNPATH_SEARCH_PATHS = "$(inherited) @executable_path/Frameworks";
				PRODUCT_BUNDLE_IDENTIFIER = com.charles.MyFirstSlideshow;
				PRODUCT_NAME = "$(TARGET_NAME)";
				PROVISIONING_PROFILE_SPECIFIER = "";
				SWIFT_VERSION = 5.0;
			};
			name = Debug;
		};
		567967291ECBC53700F1B57D /* Release */ = {
			isa = XCBuildConfiguration;
			buildSettings = {
				ASSETCATALOG_COMPILER_APPICON_NAME = AppIcon;
				CODE_SIGN_STYLE = Manual;
				DEVELOPMENT_TEAM = "";
				INFOPLIST_FILE = MyFirstSlideshow/Info.plist;
				LD_RUNPATH_SEARCH_PATHS = "$(inherited) @executable_path/Frameworks";
				PRODUCT_BUNDLE_IDENTIFIER = com.charles.MyFirstSlideshow;
				PRODUCT_NAME = "$(TARGET_NAME)";
				PROVISIONING_PROFILE_SPECIFIER = "";
				SWIFT_VERSION = 5.0;
			};
			name = Release;
		};
		5679672B1ECBC53700F1B57D /* Debug */ = {
			isa = XCBuildConfiguration;
			buildSettings = {
				ALWAYS_EMBED_SWIFT_STANDARD_LIBRARIES = YES;
				BUNDLE_LOADER = "$(TEST_HOST)";
				DEVELOPMENT_TEAM = TYBW749P94;
				INFOPLIST_FILE = MyFirstSlideshowTests/Info.plist;
				LD_RUNPATH_SEARCH_PATHS = "$(inherited) @executable_path/Frameworks @loader_path/Frameworks";
				PRODUCT_BUNDLE_IDENTIFIER = com.charles.MyFirstSlideshowTests;
				PRODUCT_NAME = "$(TARGET_NAME)";
				SWIFT_VERSION = 5.0;
				TEST_HOST = "$(BUILT_PRODUCTS_DIR)/MyFirstSlideshow.app/MyFirstSlideshow";
			};
			name = Debug;
		};
		5679672C1ECBC53700F1B57D /* Release */ = {
			isa = XCBuildConfiguration;
			buildSettings = {
				ALWAYS_EMBED_SWIFT_STANDARD_LIBRARIES = YES;
				BUNDLE_LOADER = "$(TEST_HOST)";
				DEVELOPMENT_TEAM = TYBW749P94;
				INFOPLIST_FILE = MyFirstSlideshowTests/Info.plist;
				LD_RUNPATH_SEARCH_PATHS = "$(inherited) @executable_path/Frameworks @loader_path/Frameworks";
				PRODUCT_BUNDLE_IDENTIFIER = com.charles.MyFirstSlideshowTests;
				PRODUCT_NAME = "$(TARGET_NAME)";
				SWIFT_VERSION = 5.0;
				TEST_HOST = "$(BUILT_PRODUCTS_DIR)/MyFirstSlideshow.app/MyFirstSlideshow";
			};
			name = Release;
		};
/* End XCBuildConfiguration section */

/* Begin XCConfigurationList section */
		567967051ECBC53700F1B57D /* Build configuration list for PBXProject "MyFirstSlideshow" */ = {
			isa = XCConfigurationList;
			buildConfigurations = (
				567967251ECBC53700F1B57D /* Debug */,
				567967261ECBC53700F1B57D /* Release */,
			);
			defaultConfigurationIsVisible = 0;
			defaultConfigurationName = Release;
		};
		567967271ECBC53700F1B57D /* Build configuration list for PBXNativeTarget "MyFirstSlideshow" */ = {
			isa = XCConfigurationList;
			buildConfigurations = (
				567967281ECBC53700F1B57D /* Debug */,
				567967291ECBC53700F1B57D /* Release */,
			);
			defaultConfigurationIsVisible = 0;
			defaultConfigurationName = Release;
		};
		5679672A1ECBC53700F1B57D /* Build configuration list for PBXNativeTarget "MyFirstSlideshowTests" */ = {
			isa = XCConfigurationList;
			buildConfigurations = (
				5679672B1ECBC53700F1B57D /* Debug */,
				5679672C1ECBC53700F1B57D /* Release */,
			);
			defaultConfigurationIsVisible = 0;
			defaultConfigurationName = Release;
		};
/* End XCConfigurationList section */
	};
	rootObject = 567967021ECBC53700F1B57D /* Project object */;
}
